
Microsoft Visual Studio Solution File, Format Version 12.00
# Visual Studio Version 17
VisualStudioVersion = 17.7.34221.43
MinimumVisualStudioVersion = 10.0.40219.1
Project("{9A19103F-16F7-4668-BE54-9A1E7A4F7556}") = "Hentul", "Hentul.csproj", "{B281292A-6869-4959-9AD2-C4DAF51295EB}"
EndProject
Project("{9A19103F-16F7-4668-BE54-9A1E7A4F7556}") = "Common", "..\Common\Common.csproj", "{340383BA-32AD-421F-B20D-198ACBBB5C84}"
EndProject
Project("{9A19103F-16F7-4668-BE54-9A1E7A4F7556}") = "Hentul.UT", "..\Hentul.UT\Hentul.UT.csproj", "{42A6AB52-A825-4A80-8BB6-6A49E469F2FE}"
EndProject
Project("{9A19103F-16F7-4668-BE54-9A1E7A4F7556}") = "FirstOrderMemoryUnitTest", "..\FirstOrderMemoryUnitTest\FirstOrderMemoryUnitTest.csproj", "{DB260CF5-3959-43E0-ACBC-ED3F1E3C53AF}"
EndProject
Project("{9A19103F-16F7-4668-BE54-9A1E7A4F7556}") = "FirstOrderMemory", "..\FirstOrderMemory\FirstOrderMemory.csproj", "{B5E49C86-627C-4E8F-B987-73287925B722}"
EndProject
Project("{9A19103F-16F7-4668-BE54-9A1E7A4F7556}") = "ExperimentalConsole", "..\ExperimentalConsole\ExperimentalConsole.csproj", "{F00598AC-D2A7-4DFE-9A17-499343802602}"
EndProject
Project("{9A19103F-16F7-4668-BE54-9A1E7A4F7556}") = "SchemaGenerator", "..\SchemaGenerator\SchemaGenerator.csproj", "{34EF70C0-1FC9-44F0-9FF1-69A82336F9B3}"
EndProject
Project("{FAE04EC0-301F-11D3-BF4B-00C04F79EFBC}") = "HentulWinforms", "..\HentulWinforms\HentulWinforms.csproj", "{44FCCF85-934B-475A-978C-74FD5B5CCE9A}"
EndProject
Project("{FAE04EC0-301F-11D3-BF4B-00C04F79EFBC}") = "SecondOrderMemory", "..\SecondOrderMemory\SecondOrderMemory.csproj", "{FDF6A68B-C4E1-4318-8BEA-CAE8E2BCA66B}"
EndProject
Project("{FAE04EC0-301F-11D3-BF4B-00C04F79EFBC}") = "SecondOrderMemoryUT", "..\SecondOrderMemoryUT\SecondOrderMemoryUT.csproj", "{635AB088-3360-46EA-90DD-390F48B33D05}"
EndProject
Global
	GlobalSection(SolutionConfigurationPlatforms) = preSolution
		Debug|Any CPU = Debug|Any CPU
		Release|Any CPU = Release|Any CPU
	EndGlobalSection
	GlobalSection(ProjectConfigurationPlatforms) = postSolution
		{B281292A-6869-4959-9AD2-C4DAF51295EB}.Debug|Any CPU.ActiveCfg = Debug|Any CPU
		{B281292A-6869-4959-9AD2-C4DAF51295EB}.Debug|Any CPU.Build.0 = Debug|Any CPU
		{B281292A-6869-4959-9AD2-C4DAF51295EB}.Release|Any CPU.ActiveCfg = Release|Any CPU
		{B281292A-6869-4959-9AD2-C4DAF51295EB}.Release|Any CPU.Build.0 = Release|Any CPU
		{340383BA-32AD-421F-B20D-198ACBBB5C84}.Debug|Any CPU.ActiveCfg = Debug|Any CPU
		{340383BA-32AD-421F-B20D-198ACBBB5C84}.Debug|Any CPU.Build.0 = Debug|Any CPU
		{340383BA-32AD-421F-B20D-198ACBBB5C84}.Release|Any CPU.ActiveCfg = Release|Any CPU
		{340383BA-32AD-421F-B20D-198ACBBB5C84}.Release|Any CPU.Build.0 = Release|Any CPU
		{42A6AB52-A825-4A80-8BB6-6A49E469F2FE}.Debug|Any CPU.ActiveCfg = Debug|Any CPU
		{42A6AB52-A825-4A80-8BB6-6A49E469F2FE}.Debug|Any CPU.Build.0 = Debug|Any CPU
		{42A6AB52-A825-4A80-8BB6-6A49E469F2FE}.Release|Any CPU.ActiveCfg = Release|Any CPU
		{42A6AB52-A825-4A80-8BB6-6A49E469F2FE}.Release|Any CPU.Build.0 = Release|Any CPU
		{DB260CF5-3959-43E0-ACBC-ED3F1E3C53AF}.Debug|Any CPU.ActiveCfg = Debug|Any CPU
		{DB260CF5-3959-43E0-ACBC-ED3F1E3C53AF}.Debug|Any CPU.Build.0 = Debug|Any CPU
		{DB260CF5-3959-43E0-ACBC-ED3F1E3C53AF}.Release|Any CPU.ActiveCfg = Release|Any CPU
		{DB260CF5-3959-43E0-ACBC-ED3F1E3C53AF}.Release|Any CPU.Build.0 = Release|Any CPU
		{B5E49C86-627C-4E8F-B987-73287925B722}.Debug|Any CPU.ActiveCfg = Debug|Any CPU
		{B5E49C86-627C-4E8F-B987-73287925B722}.Debug|Any CPU.Build.0 = Debug|Any CPU
		{B5E49C86-627C-4E8F-B987-73287925B722}.Release|Any CPU.ActiveCfg = Release|Any CPU
		{B5E49C86-627C-4E8F-B987-73287925B722}.Release|Any CPU.Build.0 = Release|Any CPU
		{F00598AC-D2A7-4DFE-9A17-499343802602}.Debug|Any CPU.ActiveCfg = Debug|Any CPU
		{F00598AC-D2A7-4DFE-9A17-499343802602}.Debug|Any CPU.Build.0 = Debug|Any CPU
		{F00598AC-D2A7-4DFE-9A17-499343802602}.Release|Any CPU.ActiveCfg = Release|Any CPU
		{F00598AC-D2A7-4DFE-9A17-499343802602}.Release|Any CPU.Build.0 = Release|Any CPU
		{34EF70C0-1FC9-44F0-9FF1-69A82336F9B3}.Debug|Any CPU.ActiveCfg = Debug|Any CPU
		{34EF70C0-1FC9-44F0-9FF1-69A82336F9B3}.Debug|Any CPU.Build.0 = Debug|Any CPU
		{34EF70C0-1FC9-44F0-9FF1-69A82336F9B3}.Release|Any CPU.ActiveCfg = Release|Any CPU
		{34EF70C0-1FC9-44F0-9FF1-69A82336F9B3}.Release|Any CPU.Build.0 = Release|Any CPU
		{44FCCF85-934B-475A-978C-74FD5B5CCE9A}.Debug|Any CPU.ActiveCfg = Debug|Any CPU
		{44FCCF85-934B-475A-978C-74FD5B5CCE9A}.Debug|Any CPU.Build.0 = Debug|Any CPU
		{44FCCF85-934B-475A-978C-74FD5B5CCE9A}.Release|Any CPU.ActiveCfg = Release|Any CPU
		{44FCCF85-934B-475A-978C-74FD5B5CCE9A}.Release|Any CPU.Build.0 = Release|Any CPU
		{FDF6A68B-C4E1-4318-8BEA-CAE8E2BCA66B}.Debug|Any CPU.ActiveCfg = Debug|Any CPU
		{FDF6A68B-C4E1-4318-8BEA-CAE8E2BCA66B}.Debug|Any CPU.Build.0 = Debug|Any CPU
		{FDF6A68B-C4E1-4318-8BEA-CAE8E2BCA66B}.Release|Any CPU.ActiveCfg = Release|Any CPU
		{FDF6A68B-C4E1-4318-8BEA-CAE8E2BCA66B}.Release|Any CPU.Build.0 = Release|Any CPU
		{635AB088-3360-46EA-90DD-390F48B33D05}.Debug|Any CPU.ActiveCfg = Debug|Any CPU
		{635AB088-3360-46EA-90DD-390F48B33D05}.Debug|Any CPU.Build.0 = Debug|Any CPU
		{635AB088-3360-46EA-90DD-390F48B33D05}.Release|Any CPU.ActiveCfg = Release|Any CPU
		{635AB088-3360-46EA-90DD-390F48B33D05}.Release|Any CPU.Build.0 = Release|Any CPU
	EndGlobalSection
	GlobalSection(SolutionProperties) = preSolution
		HideSolutionNode = FALSE
	EndGlobalSection
	GlobalSection(ExtensibilityGlobals) = postSolution
		SolutionGuid = {5DCD548C-7E68-4000-9F4E-A901D40DE3B1}
	EndGlobalSection
EndGlobal
