
Microsoft Visual Studio Solution File, Format Version 12.00
# Visual Studio Version 17
VisualStudioVersion = 17.7.34221.43
MinimumVisualStudioVersion = 10.0.40219.1
Project("{9A19103F-16F7-4668-BE54-9A1E7A4F7556}") = "Hentul", "Hentul.csproj", "{B281292A-6869-4959-9AD2-C4DAF51295EB}"
EndProject
Project("{9A19103F-16F7-4668-BE54-9A1E7A4F7556}") = "FirstOrderMemory", "..\FirstOrderMemory\FirstOrderMemory.csproj", "{344E73DF-B17A-4033-BCF2-5347385A6707}"
EndProject
Project("{FAE04EC0-301F-11D3-BF4B-00C04F79EFBC}") = "FirstOrderMemoryUnitTest", "..\FirstOrderMemoryUnitTest\FirstOrderMemoryUnitTest.csproj", "{38ECDCB2-F5A2-4D24-8863-F23B6AD18392}"
EndProject
Global
	GlobalSection(SolutionConfigurationPlatforms) = preSolution
		Debug|Any CPU = Debug|Any CPU
		Release|Any CPU = Release|Any CPU
	EndGlobalSection
	GlobalSection(ProjectConfigurationPlatforms) = postSolution
		{B281292A-6869-4959-9AD2-C4DAF51295EB}.Debug|Any CPU.ActiveCfg = Debug|Any CPU
		{B281292A-6869-4959-9AD2-C4DAF51295EB}.Debug|Any CPU.Build.0 = Debug|Any CPU
		{B281292A-6869-4959-9AD2-C4DAF51295EB}.Release|Any CPU.ActiveCfg = Release|Any CPU
		{B281292A-6869-4959-9AD2-C4DAF51295EB}.Release|Any CPU.Build.0 = Release|Any CPU
		{344E73DF-B17A-4033-BCF2-5347385A6707}.Debug|Any CPU.ActiveCfg = Debug|Any CPU
		{344E73DF-B17A-4033-BCF2-5347385A6707}.Debug|Any CPU.Build.0 = Debug|Any CPU
		{344E73DF-B17A-4033-BCF2-5347385A6707}.Release|Any CPU.ActiveCfg = Release|Any CPU
		{344E73DF-B17A-4033-BCF2-5347385A6707}.Release|Any CPU.Build.0 = Release|Any CPU
		{38ECDCB2-F5A2-4D24-8863-F23B6AD18392}.Debug|Any CPU.ActiveCfg = Debug|Any CPU
		{38ECDCB2-F5A2-4D24-8863-F23B6AD18392}.Debug|Any CPU.Build.0 = Debug|Any CPU
		{38ECDCB2-F5A2-4D24-8863-F23B6AD18392}.Release|Any CPU.ActiveCfg = Release|Any CPU
		{38ECDCB2-F5A2-4D24-8863-F23B6AD18392}.Release|Any CPU.Build.0 = Release|Any CPU
	EndGlobalSection
	GlobalSection(SolutionProperties) = preSolution
		HideSolutionNode = FALSE
	EndGlobalSection
	GlobalSection(ExtensibilityGlobals) = postSolution
		SolutionGuid = {5DCD548C-7E68-4000-9F4E-A901D40DE3B1}
	EndGlobalSection
EndGlobal
